lockfileVersion: 5.4

specifiers:
  '@types/lodash': ^4.14.195
  lodash: ^4.17.21
  typescript: ^4.8.4
  vite: ^3.2.3
  vitest: ^0.31.1

dependencies:
  '@types/lodash': 4.14.195
  lodash: 4.17.21

devDependencies:
  typescript: 4.9.5
  vite: 3.2.7
  vitest: 0.31.1

packages:

  /@esbuild/android-arm/0.15.18:
    resolution: {integrity: sha1-Jm1AuP3Ph5Yt+K8Ft2IZvHhrT4A=, tarball: '@esbuild/android-arm/download/@esbuild/android-arm-0.15.18.tgz'}
    engines: {node: '>=12'}
    requiresBuild: true
    dev: true
    optional: true

  /@esbuild/linux-loong64/0.15.18:
    resolution: {integrity: sha1-Eot27Lm+SLYM9c/BxjpPAGkaMjk=, tarball: '@esbuild/linux-loong64/download/@esbuild/linux-loong64-0.15.18.tgz'}
    engines: {node: '>=12'}
    requiresBuild: true
    dev: true
    optional: true

  /@jridgewell/sourcemap-codec/1.4.15:
    resolution: {integrity: sha1-18bmdVx4VnqVHgSrUu8P0m3lnzI=, tarball: '@jridgewell/sourcemap-codec/download/@jridgewell/sourcemap-codec-1.4.15.tgz'}
    dev: true

  /@types/chai-subset/1.3.3:
    resolution: {integrity: sha1-l4k4FOkqvSxTTeQiyzd+DgvarJQ=, tarball: '@types/chai-subset/download/@types/chai-subset-1.3.3.tgz'}
    dependencies:
      '@types/chai': 4.3.5
    dev: true

  /@types/chai/4.3.5:
    resolution: {integrity: sha1-rmm8uxvrtoxKwLEenY7QRSazVis=, tarball: '@types/chai/download/@types/chai-4.3.5.tgz'}
    dev: true

  /@types/lodash/4.14.195:
    resolution: {integrity: sha1-uvyXWyUuts6niILOintr8ipt5jI=, tarball: '@types/lodash/download/@types/lodash-4.14.195.tgz'}
    dev: false

  /@types/node/20.2.5:
    resolution: {integrity: sha1-JtKV81cDI7KDfTIhgN+/G6FW/vs=, tarball: '@types/node/download/@types/node-20.2.5.tgz'}
    dev: true

  /@vitest/expect/0.31.1:
    resolution: {integrity: sha1-24y1oUqRFnuUjzd7nSlEIinHN0c=, tarball: '@vitest/expect/download/@vitest/expect-0.31.1.tgz'}
    dependencies:
      '@vitest/spy': 0.31.1
      '@vitest/utils': 0.31.1
      chai: 4.3.7
    dev: true

  /@vitest/runner/0.31.1:
    resolution: {integrity: sha1-/AYmDUgk3eYkq67qGCXWp1utRYM=, tarball: '@vitest/runner/download/@vitest/runner-0.31.1.tgz'}
    dependencies:
      '@vitest/utils': 0.31.1
      concordance: 5.0.4
      p-limit: 4.0.0
      pathe: 1.1.0
    dev: true

  /@vitest/snapshot/0.31.1:
    resolution: {integrity: sha1-f8Px5I8MQxPmy3lcF6LBqpCafWQ=, tarball: '@vitest/snapshot/download/@vitest/snapshot-0.31.1.tgz'}
    dependencies:
      magic-string: 0.30.0
      pathe: 1.1.0
      pretty-format: 27.5.1
    dev: true

  /@vitest/spy/0.31.1:
    resolution: {integrity: sha1-HDtqPuxM6BuIieGcf6xqYDtgCxQ=, tarball: '@vitest/spy/download/@vitest/spy-0.31.1.tgz'}
    dependencies:
      tinyspy: 2.1.0
    dev: true

  /@vitest/utils/0.31.1:
    resolution: {integrity: sha1-uBCkWLN+8Wkxqw04TOealQDzTgc=, tarball: '@vitest/utils/download/@vitest/utils-0.31.1.tgz'}
    dependencies:
      concordance: 5.0.4
      loupe: 2.3.6
      pretty-format: 27.5.1
    dev: true

  /acorn-walk/8.2.0:
    resolution: {integrity: sha1-dBIQ8uJCZFRQiFOi9E0KuDt/acE=, tarball: acorn-walk/download/acorn-walk-8.2.0.tgz}
    engines: {node: '>=0.4.0'}
    dev: true

  /acorn/8.8.2:
    resolution: {integrity: sha1-Gy8l2wKvllOZuXdrDCw5EnbTfEo=, tarball: acorn/download/acorn-8.8.2.tgz}
    engines: {node: '>=0.4.0'}
    hasBin: true
    dev: true

  /ansi-regex/5.0.1:
    resolution: {integrity: sha1-CCyyyJyf6GWaMRpTvWpNxTAdswQ=, tarball: ansi-regex/download/ansi-regex-5.0.1.tgz}
    engines: {node: '>=8'}
    dev: true

  /ansi-styles/5.2.0:
    resolution: {integrity: sha1-B0SWkK1Fd30ZJKwquy/IiV26g2s=, tarball: ansi-styles/download/ansi-styles-5.2.0.tgz}
    engines: {node: '>=10'}
    dev: true

  /assertion-error/1.1.0:
    resolution: {integrity: sha1-5gtrDo8wG9l+U3UhW9pAbIURjAs=, tarball: assertion-error/download/assertion-error-1.1.0.tgz}
    dev: true

  /blueimp-md5/2.19.0:
    resolution: {integrity: sha1-tT/upUmNy1PcbsS4I624S3KcSvA=, tarball: blueimp-md5/download/blueimp-md5-2.19.0.tgz}
    dev: true

  /cac/6.7.14:
    resolution: {integrity: sha1-gE4eb1Bu42PLDjzLsJytXdmHCVk=, tarball: cac/download/cac-6.7.14.tgz}
    engines: {node: '>=8'}
    dev: true

  /chai/4.3.7:
    resolution: {integrity: sha1-7GP23wGCkIjov1X8qDm81GSo7FE=, tarball: chai/download/chai-4.3.7.tgz}
    engines: {node: '>=4'}
    dependencies:
      assertion-error: 1.1.0
      check-error: 1.0.2
      deep-eql: 4.1.3
      get-func-name: 2.0.0
      loupe: 2.3.6
      pathval: 1.1.1
      type-detect: 4.0.8
    dev: true

  /check-error/1.0.2:
    resolution: {integrity: sha1-V00xLt2Iu13YkS6Sht1sCu1KrII=, tarball: check-error/download/check-error-1.0.2.tgz}
    dev: true

  /concordance/5.0.4:
    resolution: {integrity: sha1-mJYHMmGtztcviNYOTVb478S7u9I=, tarball: concordance/download/concordance-5.0.4.tgz}
    engines: {node: '>=10.18.0 <11 || >=12.14.0 <13 || >=14'}
    dependencies:
      date-time: 3.1.0
      esutils: 2.0.3
      fast-diff: 1.3.0
      js-string-escape: 1.0.1
      lodash: 4.17.21
      md5-hex: 3.0.1
      semver: 7.5.1
      well-known-symbols: 2.0.0
    dev: true

  /date-time/3.1.0:
    resolution: {integrity: sha1-DR6TTRcFefSB7Y3x4rj/cO6EXh4=, tarball: date-time/download/date-time-3.1.0.tgz}
    engines: {node: '>=6'}
    dependencies:
      time-zone: 1.0.0
    dev: true

  /debug/4.3.4:
    resolution: {integrity: sha1-Exn2V5NX8jONMzfSzdSRS7XcyGU=, tarball: debug/download/debug-4.3.4.tgz}
    engines: {node: '>=6.0'}
    peerDependencies:
      supports-color: '*'
    peerDependenciesMeta:
      supports-color:
        optional: true
    dependencies:
      ms: 2.1.2
    dev: true

  /deep-eql/4.1.3:
    resolution: {integrity: sha1-fHd1UTCS99+Y2N+Zlt0IXrZozG0=, tarball: deep-eql/download/deep-eql-4.1.3.tgz}
    engines: {node: '>=6'}
    dependencies:
      type-detect: 4.0.8
    dev: true

  /esbuild-android-64/0.15.18:
    resolution: {integrity: sha1-IKeuFBbI6q3pF/skU8ElkwLGN6U=, tarball: esbuild-android-64/download/esbuild-android-64-0.15.18.tgz}
    engines: {node: '>=12'}
    requiresBuild: true
    dev: true
    optional: true

  /esbuild-android-arm64/0.15.18:
    resolution: {integrity: sha1-nMDsYFgdatJnVo8pz0iV/92fLwQ=, tarball: esbuild-android-arm64/download/esbuild-android-arm64-0.15.18.tgz}
    engines: {node: '>=12'}
    requiresBuild: true
    dev: true
    optional: true

  /esbuild-darwin-64/0.15.18:
    resolution: {integrity: sha1-Qo4XMOqBnVAICPIg+8UgeuptRBA=, tarball: esbuild-darwin-64/download/esbuild-darwin-64-0.15.18.tgz}
    engines: {node: '>=12'}
    requiresBuild: true
    dev: true
    optional: true

  /esbuild-darwin-arm64/0.15.18:
    resolution: {integrity: sha1-tt/HeZEVopF/NZcL+8k65QJWszc=, tarball: esbuild-darwin-arm64/download/esbuild-darwin-arm64-0.15.18.tgz}
    engines: {node: '>=12'}
    requiresBuild: true
    dev: true
    optional: true

  /esbuild-freebsd-64/0.15.18:
    resolution: {integrity: sha1-ThkNnC0eZxZGGa4wpDi+h9Xu2vI=, tarball: esbuild-freebsd-64/download/esbuild-freebsd-64-0.15.18.tgz}
    engines: {node: '>=12'}
    requiresBuild: true
    dev: true
    optional: true

  /esbuild-freebsd-arm64/0.15.18:
    resolution: {integrity: sha1-GKTANE7iO9Wm0G0Yx24v1tP5FjU=, tarball: esbuild-freebsd-arm64/download/esbuild-freebsd-arm64-0.15.18.tgz}
    engines: {node: '>=12'}
    requiresBuild: true
    dev: true
    optional: true

  /esbuild-linux-32/0.15.18:
    resolution: {integrity: sha1-mjKXMe4HmxImK3k/uE7qdi6C4M4=, tarball: esbuild-linux-32/download/esbuild-linux-32-0.15.18.tgz}
    engines: {node: '>=12'}
    requiresBuild: true
    dev: true
    optional: true

  /esbuild-linux-64/0.15.18:
    resolution: {integrity: sha1-Uyc4B1OXuZRGe1FOUkrrUgwZG2w=, tarball: esbuild-linux-64/download/esbuild-linux-64-0.15.18.tgz}
    engines: {node: '>=12'}
    requiresBuild: true
    dev: true
    optional: true

  /esbuild-linux-arm/0.15.18:
    resolution: {integrity: sha1-5zSq8lmi49EJ1IhsnoHsDy/Zqcw=, tarball: esbuild-linux-arm/download/esbuild-linux-arm-0.15.18.tgz}
    engines: {node: '>=12'}
    requiresBuild: true
    dev: true
    optional: true

  /esbuild-linux-arm64/0.15.18:
    resolution: {integrity: sha1-U3LnmTrC2o8GsroxNxDXIreobl0=, tarball: esbuild-linux-arm64/download/esbuild-linux-arm64-0.15.18.tgz}
    engines: {node: '>=12'}
    requiresBuild: true
    dev: true
    optional: true

  /esbuild-linux-mips64le/0.15.18:
    resolution: {integrity: sha1-wEh8FKk3GoTrCPqw4dewRadxBes=, tarball: esbuild-linux-mips64le/download/esbuild-linux-mips64le-0.15.18.tgz}
    engines: {node: '>=12'}
    requiresBuild: true
    dev: true
    optional: true

  /esbuild-linux-ppc64le/0.15.18:
    resolution: {integrity: sha1-rwSK2U7tDOMvbVqHP3q+kRUBJQc=, tarball: esbuild-linux-ppc64le/download/esbuild-linux-ppc64le-0.15.18.tgz}
    engines: {node: '>=12'}
    requiresBuild: true
    dev: true
    optional: true

  /esbuild-linux-riscv64/0.15.18:
    resolution: {integrity: sha1-Qj7U5ZJ713+EK9VmlyF49CTUVeY=, tarball: esbuild-linux-riscv64/download/esbuild-linux-riscv64-0.15.18.tgz}
    engines: {node: '>=12'}
    requiresBuild: true
    dev: true
    optional: true

  /esbuild-linux-s390x/0.15.18:
    resolution: {integrity: sha1-IdIeqpYqGDv7djEuWgHMWuSM6Os=, tarball: esbuild-linux-s390x/download/esbuild-linux-s390x-0.15.18.tgz}
    engines: {node: '>=12'}
    requiresBuild: true
    dev: true
    optional: true

  /esbuild-netbsd-64/0.15.18:
    resolution: {integrity: sha1-rnVoL2DQhWCx/pSCv+AXPlEQuZg=, tarball: esbuild-netbsd-64/download/esbuild-netbsd-64-0.15.18.tgz}
    engines: {node: '>=12'}
    requiresBuild: true
    dev: true
    optional: true

  /esbuild-openbsd-64/0.15.18:
    resolution: {integrity: sha1-eVkakKo7A+SGP5O+7A0rqyhT0Kg=, tarball: esbuild-openbsd-64/download/esbuild-openbsd-64-0.15.18.tgz}
    engines: {node: '>=12'}
    requiresBuild: true
    dev: true
    optional: true

  /esbuild-sunos-64/0.15.18:
    resolution: {integrity: sha1-/VKKpdpTdLfh6T0275sHw9/tKXE=, tarball: esbuild-sunos-64/download/esbuild-sunos-64-0.15.18.tgz}
    engines: {node: '>=12'}
    requiresBuild: true
    dev: true
    optional: true

  /esbuild-windows-32/0.15.18:
    resolution: {integrity: sha1-DpK2bs31Q1p2gTxLxczaBpb078M=, tarball: esbuild-windows-32/download/esbuild-windows-32-0.15.18.tgz}
    engines: {node: '>=12'}
    requiresBuild: true
    dev: true
    optional: true

  /esbuild-windows-64/0.15.18:
    resolution: {integrity: sha1-D8dh14VBQoT8QI55FCJtM/gkINA=, tarball: esbuild-windows-64/download/esbuild-windows-64-0.15.18.tgz}
    engines: {node: '>=12'}
    requiresBuild: true
    dev: true
    optional: true

  /esbuild-windows-arm64/0.15.18:
    resolution: {integrity: sha1-W1vcVtNB0JIu6UllyJ7hIKaobrc=, tarball: esbuild-windows-arm64/download/esbuild-windows-arm64-0.15.18.tgz}
    engines: {node: '>=12'}
    requiresBuild: true
    dev: true
    optional: true

  /esbuild/0.15.18:
    resolution: {integrity: sha1-6olK2vP7wDbTIyCgDU1uSXii820=, tarball: esbuild/download/esbuild-0.15.18.tgz}
    engines: {node: '>=12'}
    hasBin: true
    requiresBuild: true
    optionalDependencies:
      '@esbuild/android-arm': 0.15.18
      '@esbuild/linux-loong64': 0.15.18
      esbuild-android-64: 0.15.18
      esbuild-android-arm64: 0.15.18
      esbuild-darwin-64: 0.15.18
      esbuild-darwin-arm64: 0.15.18
      esbuild-freebsd-64: 0.15.18
      esbuild-freebsd-arm64: 0.15.18
      esbuild-linux-32: 0.15.18
      esbuild-linux-64: 0.15.18
      esbuild-linux-arm: 0.15.18
      esbuild-linux-arm64: 0.15.18
      esbuild-linux-mips64le: 0.15.18
      esbuild-linux-ppc64le: 0.15.18
      esbuild-linux-riscv64: 0.15.18
      esbuild-linux-s390x: 0.15.18
      esbuild-netbsd-64: 0.15.18
      esbuild-openbsd-64: 0.15.18
      esbuild-sunos-64: 0.15.18
      esbuild-windows-32: 0.15.18
      esbuild-windows-64: 0.15.18
      esbuild-windows-arm64: 0.15.18
    dev: true

  /esutils/2.0.3:
    resolution: {integrity: sha1-dNLrTeC42hKTcRkQ1Qd1ubcQ72Q=, tarball: esutils/download/esutils-2.0.3.tgz}
    engines: {node: '>=0.10.0'}
    dev: true

  /fast-diff/1.3.0:
    resolution: {integrity: sha1-7OQH+lUKZNY4U2zXJ+EpxhYW4PA=, tarball: fast-diff/download/fast-diff-1.3.0.tgz}
    dev: true

  /fsevents/2.3.2:
    resolution: {integrity: sha1-ilJveLj99GI7cJ4Ll1xSwkwC/Ro=, tarball: fsevents/download/fsevents-2.3.2.tgz}
    engines: {node: ^8.16.0 || ^10.6.0 || >=11.0.0}
    requiresBuild: true
    dev: true
    optional: true

  /function-bind/1.1.1:
    resolution: {integrity: sha1-pWiZ0+o8m6uHS7l3O3xe3pL0iV0=, tarball: function-bind/download/function-bind-1.1.1.tgz}
    dev: true

  /get-func-name/2.0.0:
    resolution: {integrity: sha1-6td0q+5y4gQJQzoGY2YCPdaIekE=, tarball: get-func-name/download/get-func-name-2.0.0.tgz}
    dev: true

  /has/1.0.3:
    resolution: {integrity: sha1-ci18v8H2qoJB8W3YFOAR4fQeh5Y=, tarball: has/download/has-1.0.3.tgz}
    engines: {node: '>= 0.4.0'}
    dependencies:
      function-bind: 1.1.1
    dev: true

  /is-core-module/2.12.1:
    resolution: {integrity: sha1-DAtohbb4ABHHFUHOFcjWbPWk+f0=, tarball: is-core-module/download/is-core-module-2.12.1.tgz}
    dependencies:
      has: 1.0.3
    dev: true

  /js-string-escape/1.0.1:
    resolution: {integrity: sha1-4mJbrbwNZ8dTPp7cEGjFh65BN+8=, tarball: js-string-escape/download/js-string-escape-1.0.1.tgz}
    engines: {node: '>= 0.8'}
    dev: true

  /jsonc-parser/3.2.0:
    resolution: {integrity: sha1-Mf8/TCuXk/icZyEmJ8UcY5T4jnY=, tarball: jsonc-parser/download/jsonc-parser-3.2.0.tgz}
    dev: true

  /local-pkg/0.4.3:
    resolution: {integrity: sha1-D/Nhqzrn8cGRE9m7l7mLkF28SWM=, tarball: local-pkg/download/local-pkg-0.4.3.tgz}
    engines: {node: '>=14'}
    dev: true

  /lodash/4.17.21:
    resolution: {integrity: sha1-Z5WRxWTDv/quhFTPCz3zcMPWkRw=, tarball: lodash/download/lodash-4.17.21.tgz}

  /loupe/2.3.6:
    resolution: {integrity: sha1-duSvSYEDxTLR7Mm+ECA2oh94e1M=, tarball: loupe/download/loupe-2.3.6.tgz}
    dependencies:
      get-func-name: 2.0.0
    dev: true

  /lru-cache/6.0.0:
    resolution: {integrity: sha1-bW/mVw69lqr5D8rR2vo7JWbbOpQ=, tarball: lru-cache/download/lru-cache-6.0.0.tgz}
    engines: {node: '>=10'}
    dependencies:
      yallist: 4.0.0
    dev: true

  /magic-string/0.30.0:
    resolution: {integrity: sha1-/VikdIxcRUczikJOkPpd0X9N5Sk=, tarball: magic-string/download/magic-string-0.30.0.tgz}
    engines: {node: '>=12'}
    dependencies:
      '@jridgewell/sourcemap-codec': 1.4.15
    dev: true

  /md5-hex/3.0.1:
    resolution: {integrity: sha1-vjdBtRBZFDSyeE155Vbu/Cyajlw=, tarball: md5-hex/download/md5-hex-3.0.1.tgz}
    engines: {node: '>=8'}
    dependencies:
      blueimp-md5: 2.19.0
    dev: true

  /mlly/1.2.1:
    resolution: {integrity: sha1-zVAVH1cStlHFw3kIUVe83/ZhEzs=, tarball: mlly/download/mlly-1.2.1.tgz}
    dependencies:
      acorn: 8.8.2
      pathe: 1.1.0
      pkg-types: 1.0.3
      ufo: 1.1.2
    dev: true

  /ms/2.1.2:
    resolution: {integrity: sha1-0J0fNXtEP0kzgqjrPM0YOHKuYAk=, tarball: ms/download/ms-2.1.2.tgz}
    dev: true

  /nanoid/3.3.6:
    resolution: {integrity: sha1-RDOAyFbW6fmCQmfZYLQjatWD6kw=, tarball: nanoid/download/nanoid-3.3.6.tgz}
    engines: {node: ^10 || ^12 || ^13.7 || ^14 || >=15.0.1}
    hasBin: true
    dev: true

  /p-limit/4.0.0:
    resolution: {integrity: sha1-kUr2VE7TK/pUZwsGHK/L0EmEtkQ=, tarball: p-limit/download/p-limit-4.0.0.tgz}
    engines: {node: ^12.20.0 || ^14.13.1 || >=16.0.0}
    dependencies:
      yocto-queue: 1.0.0
    dev: true

  /path-parse/1.0.7:
    resolution: {integrity: sha1-+8EUtgykKzDZ2vWFjkvWi77bZzU=, tarball: path-parse/download/path-parse-1.0.7.tgz}
    dev: true

  /pathe/1.1.0:
    resolution: {integrity: sha1-4uE/bGKzGjKJr0uhmIbCMPKV7AM=, tarball: pathe/download/pathe-1.1.0.tgz}
    dev: true

  /pathval/1.1.1:
    resolution: {integrity: sha1-hTTnenfOesWiUS6iHg/bj89sPY0=, tarball: pathval/download/pathval-1.1.1.tgz}
    dev: true

  /picocolors/1.0.0:
    resolution: {integrity: sha1-y1vcdP8/UYkiNur3nWi8RFZKuBw=, tarball: picocolors/download/picocolors-1.0.0.tgz}
    dev: true

  /pkg-types/1.0.3:
    resolution: {integrity: sha1-mItCqxklTAFhTRP09los/HiA+Gg=, tarball: pkg-types/download/pkg-types-1.0.3.tgz}
    dependencies:
      jsonc-parser: 3.2.0
      mlly: 1.2.1
      pathe: 1.1.0
    dev: true

  /postcss/8.4.24:
    resolution: {integrity: sha1-9xTbqbIoS+PMB9vS/FfuTcly0t8=, tarball: postcss/download/postcss-8.4.24.tgz}
    engines: {node: ^10 || ^12 || >=14}
    dependencies:
      nanoid: 3.3.6
      picocolors: 1.0.0
      source-map-js: 1.0.2
    dev: true

  /pretty-format/27.5.1:
    resolution: {integrity: sha1-IYGHn96lGnpYUfs52SD6pj8B2I4=, tarball: pretty-format/download/pretty-format-27.5.1.tgz}
    engines: {node: ^10.13.0 || ^12.13.0 || ^14.15.0 || >=15.0.0}
    dependencies:
      ansi-regex: 5.0.1
      ansi-styles: 5.2.0
      react-is: 17.0.2
    dev: true

  /react-is/17.0.2:
    resolution: {integrity: sha1-5pHUqOnHiTZWVVOas3J2Kw77VPA=, tarball: react-is/download/react-is-17.0.2.tgz}
    dev: true

  /resolve/1.22.2:
    resolution: {integrity: sha1-DtCUPU4wGGeVV2bJ8+GubQHGhF8=, tarball: resolve/download/resolve-1.22.2.tgz}
    hasBin: true
    dependencies:
      is-core-module: 2.12.1
      path-parse: 1.0.7
      supports-preserve-symlinks-flag: 1.0.0
    dev: true

  /rollup/2.79.1:
    resolution: {integrity: sha1-vt7o+u98n5OiZHrAEIdI9Jfwgcc=, tarball: rollup/download/rollup-2.79.1.tgz}
    engines: {node: '>=10.0.0'}
    hasBin: true
    optionalDependencies:
      fsevents: 2.3.2
    dev: true

  /semver/7.5.1:
    resolution: {integrity: sha1-yQxNYxz3RyDkayHB036gft+rkew=, tarball: semver/download/semver-7.5.1.tgz}
    engines: {node: '>=10'}
    hasBin: true
    dependencies:
      lru-cache: 6.0.0
    dev: true

  /siginfo/2.0.0:
    resolution: {integrity: sha1-MudscLeXJOO7Vny51UPrhYzPrzA=, tarball: siginfo/download/siginfo-2.0.0.tgz}
    dev: true

  /source-map-js/1.0.2:
    resolution: {integrity: sha1-rbw2HZxi3zgBJefxYfccgm8eSQw=, tarball: source-map-js/download/source-map-js-1.0.2.tgz}
    engines: {node: '>=0.10.0'}
    dev: true

  /stackback/0.0.2:
    resolution: {integrity: sha1-Gsig2Ug4SNFpXkGLbQMaPDzmjjs=, tarball: stackback/download/stackback-0.0.2.tgz}
    dev: true

  /std-env/3.3.3:
    resolution: {integrity: sha1-pU8G6yRf3P71PVbzwCUfHVw9Af4=, tarball: std-env/download/std-env-3.3.3.tgz}
    dev: true

  /strip-literal/1.0.1:
    resolution: {integrity: sha1-ARWjMnEMhJtORkl4kfuNWF5AS9I=, tarball: strip-literal/download/strip-literal-1.0.1.tgz}
    dependencies:
      acorn: 8.8.2
    dev: true

  /supports-preserve-symlinks-flag/1.0.0:
    resolution: {integrity: sha1-btpL00SjyUrqN21MwxvHcxEDngk=, tarball: supports-preserve-symlinks-flag/download/supports-preserve-symlinks-flag-1.0.0.tgz}
    engines: {node: '>= 0.4'}
    dev: true

  /time-zone/1.0.0:
    resolution: {integrity: sha1-mcW/VZWJZq9tBtg73zgA3IL67F0=, tarball: time-zone/download/time-zone-1.0.0.tgz}
    engines: {node: '>=4'}
    dev: true

  /tinybench/2.5.0:
    resolution: {integrity: sha1-RxHJm79vPphvZ+tyL+2c3bOmi6U=, tarball: tinybench/download/tinybench-2.5.0.tgz}
    dev: true

  /tinypool/0.5.0:
    resolution: {integrity: sha1-OGHDBpv3Hk8fWqLS5rOqrMJ4lh4=, tarball: tinypool/download/tinypool-0.5.0.tgz}
    engines: {node: '>=14.0.0'}
    dev: true

  /tinyspy/2.1.0:
    resolution: {integrity: sha1-vWh1CY+YhyjmRWz9WrjMBkmOzes=, tarball: tinyspy/download/tinyspy-2.1.0.tgz}
    engines: {node: '>=14.0.0'}
    dev: true

  /type-detect/4.0.8:
    resolution: {integrity: sha1-dkb7XxiHHPu3dJ5pvTmmOI63RQw=, tarball: type-detect/download/type-detect-4.0.8.tgz}
    engines: {node: '>=4'}
    dev: true

  /typescript/4.9.5:
    resolution: {integrity: sha1-CVl5+bzA0J2jJNWNA86Pg3TL5lo=, tarball: typescript/download/typescript-4.9.5.tgz}
    engines: {node: '>=4.2.0'}
    hasBin: true
    dev: true

  /ufo/1.1.2:
    resolution: {integrity: sha1-0Nng+gnezgwx/9V702PwMKNc/nY=, tarball: ufo/download/ufo-1.1.2.tgz}
    dev: true

  /vite-node/0.31.1_@types+node@20.2.5:
    resolution: {integrity: sha1-n+oYy/lVKrJiuWkGgkmouOf7izg=, tarball: vite-node/download/vite-node-0.31.1.tgz}
    engines: {node: '>=v14.18.0'}
    hasBin: true
    dependencies:
      cac: 6.7.14
      debug: 4.3.4
      mlly: 1.2.1
      pathe: 1.1.0
      picocolors: 1.0.0
      vite: 3.2.7_@types+node@20.2.5
    transitivePeerDependencies:
      - '@types/node'
      - less
      - sass
      - stylus
      - sugarss
      - supports-color
      - terser
    dev: true

  /vite/3.2.7:
    resolution: {integrity: sha1-NaYoJr1Na3eK5duHZtAjvNTnvvM=, tarball: vite/download/vite-3.2.7.tgz}
    engines: {node: ^14.18.0 || >=16.0.0}
    hasBin: true
    peerDependencies:
      '@types/node': '>= 14'
      less: '*'
      sass: '*'
      stylus: '*'
      sugarss: '*'
      terser: ^5.4.0
    peerDependenciesMeta:
      '@types/node':
        optional: true
      less:
        optional: true
      sass:
        optional: true
      stylus:
        optional: true
      sugarss:
        optional: true
      terser:
        optional: true
    dependencies:
      esbuild: 0.15.18
      postcss: 8.4.24
      resolve: 1.22.2
      rollup: 2.79.1
    optionalDependencies:
      fsevents: 2.3.2
    dev: true

  /vite/3.2.7_@types+node@20.2.5:
    resolution: {integrity: sha1-NaYoJr1Na3eK5duHZtAjvNTnvvM=, tarball: vite/download/vite-3.2.7.tgz}
    engines: {node: ^14.18.0 || >=16.0.0}
    hasBin: true
    peerDependencies:
      '@types/node': '>= 14'
      less: '*'
      sass: '*'
      stylus: '*'
      sugarss: '*'
      terser: ^5.4.0
    peerDependenciesMeta:
      '@types/node':
        optional: true
      less:
        optional: true
      sass:
        optional: true
      stylus:
        optional: true
      sugarss:
        optional: true
      terser:
        optional: true
    dependencies:
      '@types/node': 20.2.5
      esbuild: 0.15.18
      postcss: 8.4.24
      resolve: 1.22.2
      rollup: 2.79.1
    optionalDependencies:
      fsevents: 2.3.2
    dev: true

  /vitest/0.31.1:
    resolution: {integrity: sha1-49G2ikTnbiTxQsEVb+l3LvYD5Sw=, tarball: vitest/download/vitest-0.31.1.tgz}
    engines: {node: '>=v14.18.0'}
    hasBin: true
    peerDependencies:
      '@edge-runtime/vm': '*'
      '@vitest/browser': '*'
      '@vitest/ui': '*'
      happy-dom: '*'
      jsdom: '*'
      playwright: '*'
      safaridriver: '*'
      webdriverio: '*'
    peerDependenciesMeta:
      '@edge-runtime/vm':
        optional: true
      '@vitest/browser':
        optional: true
      '@vitest/ui':
        optional: true
      happy-dom:
        optional: true
      jsdom:
        optional: true
      playwright:
        optional: true
      safaridriver:
        optional: true
      webdriverio:
        optional: true
    dependencies:
      '@types/chai': 4.3.5
      '@types/chai-subset': 1.3.3
      '@types/node': 20.2.5
      '@vitest/expect': 0.31.1
      '@vitest/runner': 0.31.1
      '@vitest/snapshot': 0.31.1
      '@vitest/spy': 0.31.1
      '@vitest/utils': 0.31.1
      acorn: 8.8.2
      acorn-walk: 8.2.0
      cac: 6.7.14
      chai: 4.3.7
      concordance: 5.0.4
      debug: 4.3.4
      local-pkg: 0.4.3
      magic-string: 0.30.0
      pathe: 1.1.0
      picocolors: 1.0.0
      std-env: 3.3.3
      strip-literal: 1.0.1
      tinybench: 2.5.0
      tinypool: 0.5.0
      vite: 3.2.7_@types+node@20.2.5
      vite-node: 0.31.1_@types+node@20.2.5
      why-is-node-running: 2.2.2
    transitivePeerDependencies:
      - less
      - sass
      - stylus
      - sugarss
      - supports-color
      - terser
    dev: true

  /well-known-symbols/2.0.0:
    resolution: {integrity: sha1-6cfAfb0TK3uEISyBdDkewfmHG6U=, tarball: well-known-symbols/download/well-known-symbols-2.0.0.tgz}
    engines: {node: '>=6'}
    dev: true

  /why-is-node-running/2.2.2:
    resolution: {integrity: sha1-QYWytGmRF4GecVRZQnHn40TJlz4=, tarball: why-is-node-running/download/why-is-node-running-2.2.2.tgz}
    engines: {node: '>=8'}
    hasBin: true
    dependencies:
      siginfo: 2.0.0
      stackback: 0.0.2
    dev: true

  /yallist/4.0.0:
    resolution: {integrity: sha1-m7knkNnA7/7GO+c1GeEaNQGaOnI=, tarball: yallist/download/yallist-4.0.0.tgz}
    dev: true

  /yocto-queue/1.0.0:
    resolution: {integrity: sha1-f4FkM/ssvFEeyL99Jjw7WKGjwlE=, tarball: yocto-queue/download/yocto-queue-1.0.0.tgz}
    engines: {node: '>=12.20'}
    dev: true
